
Microsoft Visual Studio Solution File, Format Version 12.00
# Visual Studio 14
VisualStudioVersion = 14.0.25420.1
MinimumVisualStudioVersion = 10.0.40219.1
Project("{FAE04EC0-301F-11D3-BF4B-00C04F79EFBC}") = "SpinnerControlLibrary", "SpinnerControlLibrary\SpinnerControlLibrary.csproj", "{DB46BA28-2677-40ED-8752-7D100CC029C8}"
EndProject
Project("{FAE04EC0-301F-11D3-BF4B-00C04F79EFBC}") = "SpinnerControlDemo", "SpinnerControlDemo\SpinnerControlDemo.csproj", "{F111BFFC-2961-4C5F-A3F5-2470DF284F15}"
EndProject
Global
	GlobalSection(SolutionConfigurationPlatforms) = preSolution
		Debug|Any CPU = Debug|Any CPU
		Release|Any CPU = Release|Any CPU
	EndGlobalSection
	GlobalSection(ProjectConfigurationPlatforms) = postSolution
		{DB46BA28-2677-40ED-8752-7D100CC029C8}.Debug|Any CPU.ActiveCfg = Debug|Any CPU
		{DB46BA28-2677-40ED-8752-7D100CC029C8}.Debug|Any CPU.Build.0 = Debug|Any CPU
		{DB46BA28-2677-40ED-8752-7D100CC029C8}.Release|Any CPU.ActiveCfg = Release|Any CPU
		{DB46BA28-2677-40ED-8752-7D100CC029C8}.Release|Any CPU.Build.0 = Release|Any CPU
		{F111BFFC-2961-4C5F-A3F5-2470DF284F15}.Debug|Any CPU.ActiveCfg = Debug|Any CPU
		{F111BFFC-2961-4C5F-A3F5-2470DF284F15}.Debug|Any CPU.Build.0 = Debug|Any CPU
		{F111BFFC-2961-4C5F-A3F5-2470DF284F15}.Release|Any CPU.ActiveCfg = Release|Any CPU
		{F111BFFC-2961-4C5F-A3F5-2470DF284F15}.Release|Any CPU.Build.0 = Release|Any CPU
	EndGlobalSection
	GlobalSection(SolutionProperties) = preSolution
		HideSolutionNode = FALSE
	EndGlobalSection
EndGlobal
